
Microsoft Visual Studio Solution File, Format Version 12.00
# Visual Studio Version 16
VisualStudioVersion = 16.0.30225.117
MinimumVisualStudioVersion = 10.0.40219.1
Project("{FAE04EC0-301F-11D3-BF4B-00C04F79EFBC}") = "PingPong", "PingPong\PingPong.csproj", "{14F6D1AD-09C4-47F7-A403-C80A6AD7C2D5}"
EndProject
Project("{FAE04EC0-301F-11D3-BF4B-00C04F79EFBC}") = "Client", "Client\Client.csproj", "{3C210D79-7C51-458C-8A59-32AA77EA24E4}"
EndProject
Global
	GlobalSection(SolutionConfigurationPlatforms) = preSolution
		Debug|Any CPU = Debug|Any CPU
		Release|Any CPU = Release|Any CPU
	EndGlobalSection
	GlobalSection(ProjectConfigurationPlatforms) = postSolution
		{14F6D1AD-09C4-47F7-A403-C80A6AD7C2D5}.Debug|Any CPU.ActiveCfg = Debug|Any CPU
		{14F6D1AD-09C4-47F7-A403-C80A6AD7C2D5}.Debug|Any CPU.Build.0 = Debug|Any CPU
		{14F6D1AD-09C4-47F7-A403-C80A6AD7C2D5}.Release|Any CPU.ActiveCfg = Release|Any CPU
		{14F6D1AD-09C4-47F7-A403-C80A6AD7C2D5}.Release|Any CPU.Build.0 = Release|Any CPU
		{3C210D79-7C51-458C-8A59-32AA77EA24E4}.Debug|Any CPU.ActiveCfg = Debug|Any CPU
		{3C210D79-7C51-458C-8A59-32AA77EA24E4}.Debug|Any CPU.Build.0 = Debug|Any CPU
		{3C210D79-7C51-458C-8A59-32AA77EA24E4}.Release|Any CPU.ActiveCfg = Release|Any CPU
		{3C210D79-7C51-458C-8A59-32AA77EA24E4}.Release|Any CPU.Build.0 = Release|Any CPU
	EndGlobalSection
	GlobalSection(SolutionProperties) = preSolution
		HideSolutionNode = FALSE
	EndGlobalSection
	GlobalSection(ExtensibilityGlobals) = postSolution
		SolutionGuid = {176C64A6-4CD1-44C6-B2AB-75FF4DF47F6B}
	EndGlobalSection
EndGlobal
